
Microsoft Visual Studio Solution File, Format Version 12.00
# Visual Studio Version 16
VisualStudioVersion = 16.0.32929.386
MinimumVisualStudioVersion = 10.0.40219.1
Project("{FAE04EC0-301F-11D3-BF4B-00C04F79EFBC}") = "InventoryEntryForm", "InventoryEntryForm\InventoryEntryForm.csproj", "{2EAB576F-26AF-41D5-9672-FF189DA1877D}"
EndProject
Project("{FAE04EC0-301F-11D3-BF4B-00C04F79EFBC}") = "DataAccessLayer", "DataAccessLayer\DataAccessLayer.csproj", "{6BF50F81-026C-4CBC-ACFD-4349ECA1BC88}"
EndProject
Global
	GlobalSection(SolutionConfigurationPlatforms) = preSolution
		Debug|Any CPU = Debug|Any CPU
		Release|Any CPU = Release|Any CPU
	EndGlobalSection
	GlobalSection(ProjectConfigurationPlatforms) = postSolution
		{2EAB576F-26AF-41D5-9672-FF189DA1877D}.Debug|Any CPU.ActiveCfg = Debug|Any CPU
		{2EAB576F-26AF-41D5-9672-FF189DA1877D}.Debug|Any CPU.Build.0 = Debug|Any CPU
		{2EAB576F-26AF-41D5-9672-FF189DA1877D}.Release|Any CPU.ActiveCfg = Release|Any CPU
		{2EAB576F-26AF-41D5-9672-FF189DA1877D}.Release|Any CPU.Build.0 = Release|Any CPU
		{6BF50F81-026C-4CBC-ACFD-4349ECA1BC88}.Debug|Any CPU.ActiveCfg = Debug|Any CPU
		{6BF50F81-026C-4CBC-ACFD-4349ECA1BC88}.Debug|Any CPU.Build.0 = Debug|Any CPU
		{6BF50F81-026C-4CBC-ACFD-4349ECA1BC88}.Release|Any CPU.ActiveCfg = Release|Any CPU
		{6BF50F81-026C-4CBC-ACFD-4349ECA1BC88}.Release|Any CPU.Build.0 = Release|Any CPU
	EndGlobalSection
	GlobalSection(SolutionProperties) = preSolution
		HideSolutionNode = FALSE
	EndGlobalSection
	GlobalSection(ExtensibilityGlobals) = postSolution
		SolutionGuid = {399F654C-989A-4D41-8899-85819AEE5E3F}
	EndGlobalSection
EndGlobal
